
Microsoft Visual Studio Solution File, Format Version 12.00
# Visual Studio Version 17
VisualStudioVersion = 17.13.36105.23 d17.13
MinimumVisualStudioVersion = 10.0.40219.1
Project("{FAE04EC0-301F-11D3-BF4B-00C04F79EFBC}") = "EngiTurretEquipment", "EngiTurretEquipment\EngiTurretEquipment.csproj", "{DCB278D1-1F17-472D-8776-9BCB9142E011}"
EndProject
Global
	GlobalSection(SolutionConfigurationPlatforms) = preSolution
		Debug|Any CPU = Debug|Any CPU
		Release|Any CPU = Release|Any CPU
	EndGlobalSection
	GlobalSection(ProjectConfigurationPlatforms) = postSolution
		{DCB278D1-1F17-472D-8776-9BCB9142E011}.Debug|Any CPU.ActiveCfg = Debug|Any CPU
		{DCB278D1-1F17-472D-8776-9BCB9142E011}.Debug|Any CPU.Build.0 = Debug|Any CPU
		{DCB278D1-1F17-472D-8776-9BCB9142E011}.Release|Any CPU.ActiveCfg = Release|Any CPU
		{DCB278D1-1F17-472D-8776-9BCB9142E011}.Release|Any CPU.Build.0 = Release|Any CPU
	EndGlobalSection
	GlobalSection(SolutionProperties) = preSolution
		HideSolutionNode = FALSE
	EndGlobalSection
	GlobalSection(ExtensibilityGlobals) = postSolution
		SolutionGuid = {FEA05FBB-4742-4726-9BF1-D27EC31A1BFF}
	EndGlobalSection
EndGlobal
